
Microsoft Visual Studio Solution File, Format Version 12.00
# Visual Studio Version 17
VisualStudioVersion = 17.5.002.0
MinimumVisualStudioVersion = 10.0.40219.1
Project("{2150E333-8FDC-42A3-9474-1A3956D46DE8}") = "src", "src", "{BF17A468-7C5E-4377-8419-2E6BE075A234}"
EndProject
Project("{9A19103F-16F7-4668-BE54-9A1E7A4F7556}") = "Inventory.Service", "src\Inventory.Service\Inventory.Service.csproj", "{44C48152-95BD-4616-AC23-DD3FECFCF75E}"
EndProject
Global
	GlobalSection(SolutionConfigurationPlatforms) = preSolution
		Debug|Any CPU = Debug|Any CPU
		Release|Any CPU = Release|Any CPU
	EndGlobalSection
	GlobalSection(ProjectConfigurationPlatforms) = postSolution
		{44C48152-95BD-4616-AC23-DD3FECFCF75E}.Debug|Any CPU.ActiveCfg = Debug|Any CPU
		{44C48152-95BD-4616-AC23-DD3FECFCF75E}.Debug|Any CPU.Build.0 = Debug|Any CPU
		{44C48152-95BD-4616-AC23-DD3FECFCF75E}.Release|Any CPU.ActiveCfg = Release|Any CPU
		{44C48152-95BD-4616-AC23-DD3FECFCF75E}.Release|Any CPU.Build.0 = Release|Any CPU
	EndGlobalSection
	GlobalSection(SolutionProperties) = preSolution
		HideSolutionNode = FALSE
	EndGlobalSection
	GlobalSection(NestedProjects) = preSolution
		{44C48152-95BD-4616-AC23-DD3FECFCF75E} = {BF17A468-7C5E-4377-8419-2E6BE075A234}
	EndGlobalSection
	GlobalSection(ExtensibilityGlobals) = postSolution
		SolutionGuid = {B37D6AD5-9738-4BC4-8EBA-F64789CEA207}
	EndGlobalSection
EndGlobal
