
Microsoft Visual Studio Solution File, Format Version 12.00
# Visual Studio Version 17
VisualStudioVersion = 17.5.002.0
MinimumVisualStudioVersion = 10.0.40219.1
Project("{2150E333-8FDC-42A3-9474-1A3956D46DE8}") = "src", "src", "{9A04B9F2-784D-4558-933F-2B5E8E0AB599}"
EndProject
Project("{9A19103F-16F7-4668-BE54-9A1E7A4F7556}") = "Catalog.Service", "src\Catalog.Service\Catalog.Service.csproj", "{7F0395B8-4D2D-438C-9872-FFEC09602A05}"
EndProject
Global
	GlobalSection(SolutionConfigurationPlatforms) = preSolution
		Debug|Any CPU = Debug|Any CPU
		Release|Any CPU = Release|Any CPU
	EndGlobalSection
	GlobalSection(ProjectConfigurationPlatforms) = postSolution
		{7F0395B8-4D2D-438C-9872-FFEC09602A05}.Debug|Any CPU.ActiveCfg = Debug|Any CPU
		{7F0395B8-4D2D-438C-9872-FFEC09602A05}.Debug|Any CPU.Build.0 = Debug|Any CPU
		{7F0395B8-4D2D-438C-9872-FFEC09602A05}.Release|Any CPU.ActiveCfg = Release|Any CPU
		{7F0395B8-4D2D-438C-9872-FFEC09602A05}.Release|Any CPU.Build.0 = Release|Any CPU
	EndGlobalSection
	GlobalSection(SolutionProperties) = preSolution
		HideSolutionNode = FALSE
	EndGlobalSection
	GlobalSection(NestedProjects) = preSolution
		{7F0395B8-4D2D-438C-9872-FFEC09602A05} = {9A04B9F2-784D-4558-933F-2B5E8E0AB599}
	EndGlobalSection
	GlobalSection(ExtensibilityGlobals) = postSolution
		SolutionGuid = {D6ADF66D-DE08-4565-8FDA-DD5DE86ED9CF}
	EndGlobalSection
EndGlobal
